// !$*UTF8*$!
{
	archiveVersion = 1;
	classes = {
	};
	objectVersion = 50;
	objects = {

/* Begin PBXBuildFile section */
		199851CA25A82616001C6644 /* AppDelegate.swift in Sources */ = {isa = PBXBuildFile; fileRef = 199851C925A82616001C6644 /* AppDelegate.swift */; };
		199851CE25A82616001C6644 /* MainViewController.swift in Sources */ = {isa = PBXBuildFile; fileRef = 199851CD25A82616001C6644 /* MainViewController.swift */; };
		199851D125A82616001C6644 /* Main.storyboard in Resources */ = {isa = PBXBuildFile; fileRef = 199851CF25A82616001C6644 /* Main.storyboard */; };
		199851D325A82618001C6644 /* Assets.xcassets in Resources */ = {isa = PBXBuildFile; fileRef = 199851D225A82618001C6644 /* Assets.xcassets */; };
		199851D625A82618001C6644 /* LaunchScreen.storyboard in Resources */ = {isa = PBXBuildFile; fileRef = 199851D425A82618001C6644 /* LaunchScreen.storyboard */; };
		1998520825A84BB8001C6644 /* PhotoCollectionViewCell.swift in Sources */ = {isa = PBXBuildFile; fileRef = 1998520625A84BB8001C6644 /* PhotoCollectionViewCell.swift */; };
		1998520925A84BB8001C6644 /* PhotoCollectionViewCell.xib in Resources */ = {isa = PBXBuildFile; fileRef = 1998520725A84BB8001C6644 /* PhotoCollectionViewCell.xib */; };
		1998522325A884C4001C6644 /* Photo.swift in Sources */ = {isa = PBXBuildFile; fileRef = 1998522225A884C4001C6644 /* Photo.swift */; };
		1998522E25A8A961001C6644 /* PhotoURL.swift in Sources */ = {isa = PBXBuildFile; fileRef = 1998522D25A8A961001C6644 /* PhotoURL.swift */; };
		1998523325A8AA67001C6644 /* User.swift in Sources */ = {isa = PBXBuildFile; fileRef = 1998523225A8AA67001C6644 /* User.swift */; };
		1998523925A8AB74001C6644 /* UnsplashKey.swift in Sources */ = {isa = PBXBuildFile; fileRef = 1998523825A8AB74001C6644 /* UnsplashKey.swift */; };
		1998524725A8AEF4001C6644 /* DataProvided.swift in Sources */ = {isa = PBXBuildFile; fileRef = 1998524625A8AEF4001C6644 /* DataProvided.swift */; };
		1998525325A8B033001C6644 /* UnsplashEndPoint.swift in Sources */ = {isa = PBXBuildFile; fileRef = 1998525225A8B033001C6644 /* UnsplashEndPoint.swift */; };
		1998525B25A8B125001C6644 /* EndPoint.swift in Sources */ = {isa = PBXBuildFile; fileRef = 1998525A25A8B125001C6644 /* EndPoint.swift */; };
		1998526025A97DD7001C6644 /* HTTPHeaders.swift in Sources */ = {isa = PBXBuildFile; fileRef = 1998525F25A97DD7001C6644 /* HTTPHeaders.swift */; };
/* End PBXBuildFile section */

/* Begin PBXContainerItemProxy section */
		199851DD25A82618001C6644 /* PBXContainerItemProxy */ = {
			isa = PBXContainerItemProxy;
			containerPortal = 199851BE25A82615001C6644 /* Project object */;
			proxyType = 1;
			remoteGlobalIDString = 199851C525A82615001C6644;
			remoteInfo = UnsplashApp;
		};
		199851E825A82618001C6644 /* PBXContainerItemProxy */ = {
			isa = PBXContainerItemProxy;
			containerPortal = 199851BE25A82615001C6644 /* Project object */;
			proxyType = 1;
			remoteGlobalIDString = 199851C525A82615001C6644;
			remoteInfo = UnsplashApp;
		};
/* End PBXContainerItemProxy section */

/* Begin PBXFileReference section */
		199851C625A82615001C6644 /* UnsplashApp.app */ = {isa = PBXFileReference; explicitFileType = wrapper.application; includeInIndex = 0; path = UnsplashApp.app; sourceTree = BUILT_PRODUCTS_DIR; };
		199851C925A82616001C6644 /* AppDelegate.swift */ = {isa = PBXFileReference; lastKnownFileType = sourcecode.swift; path = AppDelegate.swift; sourceTree = "<group>"; };
		199851CD25A82616001C6644 /* MainViewController.swift */ = {isa = PBXFileReference; lastKnownFileType = sourcecode.swift; path = MainViewController.swift; sourceTree = "<group>"; };
		199851D025A82616001C6644 /* Base */ = {isa = PBXFileReference; lastKnownFileType = file.storyboard; name = Base; path = Base.lproj/Main.storyboard; sourceTree = "<group>"; };
		199851D225A82618001C6644 /* Assets.xcassets */ = {isa = PBXFileReference; lastKnownFileType = folder.assetcatalog; path = Assets.xcassets; sourceTree = "<group>"; };
		199851D525A82618001C6644 /* Base */ = {isa = PBXFileReference; lastKnownFileType = file.storyboard; name = Base; path = Base.lproj/LaunchScreen.storyboard; sourceTree = "<group>"; };
		199851D725A82618001C6644 /* Info.plist */ = {isa = PBXFileReference; lastKnownFileType = text.plist.xml; path = Info.plist; sourceTree = "<group>"; };
		199851DC25A82618001C6644 /* UnsplashAppTests.xctest */ = {isa = PBXFileReference; explicitFileType = wrapper.cfbundle; includeInIndex = 0; path = UnsplashAppTests.xctest; sourceTree = BUILT_PRODUCTS_DIR; };
		199851E725A82618001C6644 /* UnsplashAppUITests.xctest */ = {isa = PBXFileReference; explicitFileType = wrapper.cfbundle; includeInIndex = 0; path = UnsplashAppUITests.xctest; sourceTree = BUILT_PRODUCTS_DIR; };
		1998520625A84BB8001C6644 /* PhotoCollectionViewCell.swift */ = {isa = PBXFileReference; lastKnownFileType = sourcecode.swift; path = PhotoCollectionViewCell.swift; sourceTree = "<group>"; };
		1998520725A84BB8001C6644 /* PhotoCollectionViewCell.xib */ = {isa = PBXFileReference; lastKnownFileType = file.xib; path = PhotoCollectionViewCell.xib; sourceTree = "<group>"; };
		1998522225A884C4001C6644 /* Photo.swift */ = {isa = PBXFileReference; lastKnownFileType = sourcecode.swift; path = Photo.swift; sourceTree = "<group>"; };
		1998522D25A8A961001C6644 /* PhotoURL.swift */ = {isa = PBXFileReference; lastKnownFileType = sourcecode.swift; path = PhotoURL.swift; sourceTree = "<group>"; };
		1998523225A8AA67001C6644 /* User.swift */ = {isa = PBXFileReference; lastKnownFileType = sourcecode.swift; path = User.swift; sourceTree = "<group>"; };
		1998523825A8AB74001C6644 /* UnsplashKey.swift */ = {isa = PBXFileReference; lastKnownFileType = sourcecode.swift; path = UnsplashKey.swift; sourceTree = "<group>"; };
		1998524625A8AEF4001C6644 /* DataProvided.swift */ = {isa = PBXFileReference; lastKnownFileType = sourcecode.swift; path = DataProvided.swift; sourceTree = "<group>"; };
		1998525225A8B033001C6644 /* UnsplashEndPoint.swift */ = {isa = PBXFileReference; lastKnownFileType = sourcecode.swift; path = UnsplashEndPoint.swift; sourceTree = "<group>"; };
		1998525A25A8B125001C6644 /* EndPoint.swift */ = {isa = PBXFileReference; lastKnownFileType = sourcecode.swift; path = EndPoint.swift; sourceTree = "<group>"; };
		1998525F25A97DD7001C6644 /* HTTPHeaders.swift */ = {isa = PBXFileReference; lastKnownFileType = sourcecode.swift; path = HTTPHeaders.swift; sourceTree = "<group>"; };
/* End PBXFileReference section */

/* Begin PBXFrameworksBuildPhase section */
		199851C325A82615001C6644 /* Frameworks */ = {
			isa = PBXFrameworksBuildPhase;
			buildActionMask = 2147483647;
			files = (
			);
			runOnlyForDeploymentPostprocessing = 0;
		};
		199851D925A82618001C6644 /* Frameworks */ = {
			isa = PBXFrameworksBuildPhase;
			buildActionMask = 2147483647;
			files = (
			);
			runOnlyForDeploymentPostprocessing = 0;
		};
		199851E425A82618001C6644 /* Frameworks */ = {
			isa = PBXFrameworksBuildPhase;
			buildActionMask = 2147483647;
			files = (
			);
			runOnlyForDeploymentPostprocessing = 0;
		};
/* End PBXFrameworksBuildPhase section */

/* Begin PBXGroup section */
		199851BD25A82615001C6644 = {
			isa = PBXGroup;
			children = (
				199851C825A82616001C6644 /* UnsplashApp */,
				199851C725A82615001C6644 /* Products */,
			);
			sourceTree = "<group>";
		};
		199851C725A82615001C6644 /* Products */ = {
			isa = PBXGroup;
			children = (
				199851C625A82615001C6644 /* UnsplashApp.app */,
				199851DC25A82618001C6644 /* UnsplashAppTests.xctest */,
				199851E725A82618001C6644 /* UnsplashAppUITests.xctest */,
			);
			name = Products;
			sourceTree = "<group>";
		};
		199851C825A82616001C6644 /* UnsplashApp */ = {
			isa = PBXGroup;
			children = (
				1998523825A8AB74001C6644 /* UnsplashKey.swift */,
				1998522125A864FB001C6644 /* Model */,
				1998521025A85293001C6644 /* Scene */,
				1998520525A84B7C001C6644 /* View */,
				199851C925A82616001C6644 /* AppDelegate.swift */,
				199851CF25A82616001C6644 /* Main.storyboard */,
				199851D425A82618001C6644 /* LaunchScreen.storyboard */,
				199851D225A82618001C6644 /* Assets.xcassets */,
				199851D725A82618001C6644 /* Info.plist */,
			);
			path = UnsplashApp;
			sourceTree = "<group>";
		};
		1998520525A84B7C001C6644 /* View */ = {
			isa = PBXGroup;
			children = (
				1998520625A84BB8001C6644 /* PhotoCollectionViewCell.swift */,
				1998520725A84BB8001C6644 /* PhotoCollectionViewCell.xib */,
			);
			path = View;
			sourceTree = "<group>";
		};
		1998521025A85293001C6644 /* Scene */ = {
			isa = PBXGroup;
			children = (
				1998521125A8529A001C6644 /* Main */,
			);
			path = Scene;
			sourceTree = "<group>";
		};
		1998521125A8529A001C6644 /* Main */ = {
			isa = PBXGroup;
			children = (
				199851CD25A82616001C6644 /* MainViewController.swift */,
			);
			path = Main;
			sourceTree = "<group>";
		};
		1998522125A864FB001C6644 /* Model */ = {
			isa = PBXGroup;
			children = (
				1998524B25A8AF7E001C6644 /* Service */,
				1998523725A8AAE8001C6644 /* VO */,
			);
			path = Model;
			sourceTree = "<group>";
		};
		1998523725A8AAE8001C6644 /* VO */ = {
			isa = PBXGroup;
			children = (
				1998522225A884C4001C6644 /* Photo.swift */,
				1998522D25A8A961001C6644 /* PhotoURL.swift */,
				1998523225A8AA67001C6644 /* User.swift */,
			);
			path = VO;
			sourceTree = "<group>";
		};
		1998524B25A8AF7E001C6644 /* Service */ = {
			isa = PBXGroup;
			children = (
				1998524625A8AEF4001C6644 /* DataProvided.swift */,
				1998525225A8B033001C6644 /* UnsplashEndPoint.swift */,
				1998525A25A8B125001C6644 /* EndPoint.swift */,
				1998525F25A97DD7001C6644 /* HTTPHeaders.swift */,
			);
			path = Service;
			sourceTree = "<group>";
		};
/* End PBXGroup section */

/* Begin PBXNativeTarget section */
		199851C525A82615001C6644 /* UnsplashApp */ = {
			isa = PBXNativeTarget;
			buildConfigurationList = 199851F025A82618001C6644 /* Build configuration list for PBXNativeTarget "UnsplashApp" */;
			buildPhases = (
				199851C225A82615001C6644 /* Sources */,
				199851C325A82615001C6644 /* Frameworks */,
				199851C425A82615001C6644 /* Resources */,
			);
			buildRules = (
			);
			dependencies = (
			);
			name = UnsplashApp;
			productName = UnsplashApp;
			productReference = 199851C625A82615001C6644 /* UnsplashApp.app */;
			productType = "com.apple.product-type.application";
		};
		199851DB25A82618001C6644 /* UnsplashAppTests */ = {
			isa = PBXNativeTarget;
			buildConfigurationList = 199851F325A82618001C6644 /* Build configuration list for PBXNativeTarget "UnsplashAppTests" */;
			buildPhases = (
				199851D825A82618001C6644 /* Sources */,
				199851D925A82618001C6644 /* Frameworks */,
				199851DA25A82618001C6644 /* Resources */,
			);
			buildRules = (
			);
			dependencies = (
				199851DE25A82618001C6644 /* PBXTargetDependency */,
			);
			name = UnsplashAppTests;
			productName = UnsplashAppTests;
			productReference = 199851DC25A82618001C6644 /* UnsplashAppTests.xctest */;
			productType = "com.apple.product-type.bundle.unit-test";
		};
		199851E625A82618001C6644 /* UnsplashAppUITests */ = {
			isa = PBXNativeTarget;
			buildConfigurationList = 199851F625A82618001C6644 /* Build configuration list for PBXNativeTarget "UnsplashAppUITests" */;
			buildPhases = (
				199851E325A82618001C6644 /* Sources */,
				199851E425A82618001C6644 /* Frameworks */,
				199851E525A82618001C6644 /* Resources */,
			);
			buildRules = (
			);
			dependencies = (
				199851E925A82618001C6644 /* PBXTargetDependency */,
			);
			name = UnsplashAppUITests;
			productName = UnsplashAppUITests;
			productReference = 199851E725A82618001C6644 /* UnsplashAppUITests.xctest */;
			productType = "com.apple.product-type.bundle.ui-testing";
		};
/* End PBXNativeTarget section */

/* Begin PBXProject section */
		199851BE25A82615001C6644 /* Project object */ = {
			isa = PBXProject;
			attributes = {
				LastSwiftUpdateCheck = 1230;
				LastUpgradeCheck = 1230;
				TargetAttributes = {
					199851C525A82615001C6644 = {
						CreatedOnToolsVersion = 12.3;
					};
					199851DB25A82618001C6644 = {
						CreatedOnToolsVersion = 12.3;
						TestTargetID = 199851C525A82615001C6644;
					};
					199851E625A82618001C6644 = {
						CreatedOnToolsVersion = 12.3;
						TestTargetID = 199851C525A82615001C6644;
					};
				};
			};
			buildConfigurationList = 199851C125A82615001C6644 /* Build configuration list for PBXProject "UnsplashApp" */;
			compatibilityVersion = "Xcode 9.3";
			developmentRegion = en;
			hasScannedForEncodings = 0;
			knownRegions = (
				en,
				Base,
			);
			mainGroup = 199851BD25A82615001C6644;
			productRefGroup = 199851C725A82615001C6644 /* Products */;
			projectDirPath = "";
			projectRoot = "";
			targets = (
				199851C525A82615001C6644 /* UnsplashApp */,
				199851DB25A82618001C6644 /* UnsplashAppTests */,
				199851E625A82618001C6644 /* UnsplashAppUITests */,
			);
		};
/* End PBXProject section */

/* Begin PBXResourcesBuildPhase section */
		199851C425A82615001C6644 /* Resources */ = {
			isa = PBXResourcesBuildPhase;
			buildActionMask = 2147483647;
			files = (
				199851D625A82618001C6644 /* LaunchScreen.storyboard in Resources */,
				199851D325A82618001C6644 /* Assets.xcassets in Resources */,
				1998520925A84BB8001C6644 /* PhotoCollectionViewCell.xib in Resources */,
				199851D125A82616001C6644 /* Main.storyboard in Resources */,
			);
			runOnlyForDeploymentPostprocessing = 0;
		};
		199851DA25A82618001C6644 /* Resources */ = {
			isa = PBXResourcesBuildPhase;
			buildActionMask = 2147483647;
			files = (
			);
			runOnlyForDeploymentPostprocessing = 0;
		};
		199851E525A82618001C6644 /* Resources */ = {
			isa = PBXResourcesBuildPhase;
			buildActionMask = 2147483647;
			files = (
			);
			runOnlyForDeploymentPostprocessing = 0;
		};
/* End PBXResourcesBuildPhase section */

/* Begin PBXSourcesBuildPhase section */
		199851C225A82615001C6644 /* Sources */ = {
			isa = PBXSourcesBuildPhase;
			buildActionMask = 2147483647;
			files = (
				1998523925A8AB74001C6644 /* UnsplashKey.swift in Sources */,
				1998522E25A8A961001C6644 /* PhotoURL.swift in Sources */,
				1998525B25A8B125001C6644 /* EndPoint.swift in Sources */,
				1998524725A8AEF4001C6644 /* DataProvided.swift in Sources */,
				1998522325A884C4001C6644 /* Photo.swift in Sources */,
				1998525325A8B033001C6644 /* UnsplashEndPoint.swift in Sources */,
				1998523325A8AA67001C6644 /* User.swift in Sources */,
				199851CE25A82616001C6644 /* MainViewController.swift in Sources */,
				199851CA25A82616001C6644 /* AppDelegate.swift in Sources */,
				1998520825A84BB8001C6644 /* PhotoCollectionViewCell.swift in Sources */,
				1998526025A97DD7001C6644 /* HTTPHeaders.swift in Sources */,
			);
			runOnlyForDeploymentPostprocessing = 0;
		};
		199851D825A82618001C6644 /* Sources */ = {
			isa = PBXSourcesBuildPhase;
			buildActionMask = 2147483647;
			files = (
			);
			runOnlyForDeploymentPostprocessing = 0;
		};
		199851E325A82618001C6644 /* Sources */ = {
			isa = PBXSourcesBuildPhase;
			buildActionMask = 2147483647;
			files = (
			);
			runOnlyForDeploymentPostprocessing = 0;
		};
/* End PBXSourcesBuildPhase section */

/* Begin PBXTargetDependency section */
		199851DE25A82618001C6644 /* PBXTargetDependency */ = {
			isa = PBXTargetDependency;
			target = 199851C525A82615001C6644 /* UnsplashApp */;
			targetProxy = 199851DD25A82618001C6644 /* PBXContainerItemProxy */;
		};
		199851E925A82618001C6644 /* PBXTargetDependency */ = {
			isa = PBXTargetDependency;
			target = 199851C525A82615001C6644 /* UnsplashApp */;
			targetProxy = 199851E825A82618001C6644 /* PBXContainerItemProxy */;
		};
/* End PBXTargetDependency section */

/* Begin PBXVariantGroup section */
		199851CF25A82616001C6644 /* Main.storyboard */ = {
			isa = PBXVariantGroup;
			children = (
				199851D025A82616001C6644 /* Base */,
			);
			name = Main.storyboard;
			sourceTree = "<group>";
		};
		199851D425A82618001C6644 /* LaunchScreen.storyboard */ = {
			isa = PBXVariantGroup;
			children = (
				199851D525A82618001C6644 /* Base */,
			);
			name = LaunchScreen.storyboard;
			sourceTree = "<group>";
		};
/* End PBXVariantGroup section */

/* Begin XCBuildConfiguration section */
		199851EE25A82618001C6644 /* Debug */ = {
			isa = XCBuildConfiguration;
			buildSettings = {
				ALWAYS_SEARCH_USER_PATHS = NO;
				CLANG_ANALYZER_NONNULL = YES;
				CLANG_ANALYZER_NUMBER_OBJECT_CONVERSION = YES_AGGRESSIVE;
				CLANG_CXX_LANGUAGE_STANDARD = "gnu++14";
				CLANG_CXX_LIBRARY = "libc++";
				CLANG_ENABLE_MODULES = YES;
				CLANG_ENABLE_OBJC_ARC = YES;
				CLANG_ENABLE_OBJC_WEAK = YES;
				CLANG_WARN_BLOCK_CAPTURE_AUTORELEASING = YES;
				CLANG_WARN_BOOL_CONVERSION = YES;
				CLANG_WARN_COMMA = YES;
				CLANG_WARN_CONSTANT_CONVERSION = YES;
				CLANG_WARN_DEPRECATED_OBJC_IMPLEMENTATIONS = YES;
				CLANG_WARN_DIRECT_OBJC_ISA_USAGE = YES_ERROR;
				CLANG_WARN_DOCUMENTATION_COMMENTS = YES;
				CLANG_WARN_EMPTY_BODY = YES;
				CLANG_WARN_ENUM_CONVERSION = YES;
				CLANG_WARN_INFINITE_RECURSION = YES;
				CLANG_WARN_INT_CONVERSION = YES;
				CLANG_WARN_NON_LITERAL_NULL_CONVERSION = YES;
				CLANG_WARN_OBJC_IMPLICIT_RETAIN_SELF = YES;
				CLANG_WARN_OBJC_LITERAL_CONVERSION = YES;
				CLANG_WARN_OBJC_ROOT_CLASS = YES_ERROR;
				CLANG_WARN_QUOTED_INCLUDE_IN_FRAMEWORK_HEADER = YES;
				CLANG_WARN_RANGE_LOOP_ANALYSIS = YES;
				CLANG_WARN_STRICT_PROTOTYPES = YES;
				CLANG_WARN_SUSPICIOUS_MOVE = YES;
				CLANG_WARN_UNGUARDED_AVAILABILITY = YES_AGGRESSIVE;
				CLANG_WARN_UNREACHABLE_CODE = YES;
				CLANG_WARN__DUPLICATE_METHOD_MATCH = YES;
				COPY_PHASE_STRIP = NO;
				DEBUG_INFORMATION_FORMAT = dwarf;
				ENABLE_STRICT_OBJC_MSGSEND = YES;
				ENABLE_TESTABILITY = YES;
				GCC_C_LANGUAGE_STANDARD = gnu11;
				GCC_DYNAMIC_NO_PIC = NO;
				GCC_NO_COMMON_BLOCKS = YES;
				GCC_OPTIMIZATION_LEVEL = 0;
				GCC_PREPROCESSOR_DEFINITIONS = (
					"DEBUG=1",
					"$(inherited)",
				);
				GCC_WARN_64_TO_32_BIT_CONVERSION = YES;
				GCC_WARN_ABOUT_RETURN_TYPE = YES_ERROR;
				GCC_WARN_UNDECLARED_SELECTOR = YES;
				GCC_WARN_UNINITIALIZED_AUTOS = YES_AGGRESSIVE;
				GCC_WARN_UNUSED_FUNCTION = YES;
				GCC_WARN_UNUSED_VARIABLE = YES;
				IPHONEOS_DEPLOYMENT_TARGET = 12.0;
				MTL_ENABLE_DEBUG_INFO = INCLUDE_SOURCE;
				MTL_FAST_MATH = YES;
				ONLY_ACTIVE_ARCH = YES;
				SDKROOT = iphoneos;
				SWIFT_ACTIVE_COMPILATION_CONDITIONS = DEBUG;
				SWIFT_OPTIMIZATION_LEVEL = "-Onone";
			};
			name = Debug;
		};
		199851EF25A82618001C6644 /* Release */ = {
			isa = XCBuildConfiguration;
			buildSettings = {
				ALWAYS_SEARCH_USER_PATHS = NO;
				CLANG_ANALYZER_NONNULL = YES;
				CLANG_ANALYZER_NUMBER_OBJECT_CONVERSION = YES_AGGRESSIVE;
				CLANG_CXX_LANGUAGE_STANDARD = "gnu++14";
				CLANG_CXX_LIBRARY = "libc++";
				CLANG_ENABLE_MODULES = YES;
				CLANG_ENABLE_OBJC_ARC = YES;
				CLANG_ENABLE_OBJC_WEAK = YES;
				CLANG_WARN_BLOCK_CAPTURE_AUTORELEASING = YES;
				CLANG_WARN_BOOL_CONVERSION = YES;
				CLANG_WARN_COMMA = YES;
				CLANG_WARN_CONSTANT_CONVERSION = YES;
				CLANG_WARN_DEPRECATED_OBJC_IMPLEMENTATIONS = YES;
				CLANG_WARN_DIRECT_OBJC_ISA_USAGE = YES_ERROR;
				CLANG_WARN_DOCUMENTATION_COMMENTS = YES;
				CLANG_WARN_EMPTY_BODY = YES;
				CLANG_WARN_ENUM_CONVERSION = YES;
				CLANG_WARN_INFINITE_RECURSION = YES;
				CLANG_WARN_INT_CONVERSION = YES;
				CLANG_WARN_NON_LITERAL_NULL_CONVERSION = YES;
				CLANG_WARN_OBJC_IMPLICIT_RETAIN_SELF = YES;
				CLANG_WARN_OBJC_LITERAL_CONVERSION = YES;
				CLANG_WARN_OBJC_ROOT_CLASS = YES_ERROR;
				CLANG_WARN_QUOTED_INCLUDE_IN_FRAMEWORK_HEADER = YES;
				CLANG_WARN_RANGE_LOOP_ANALYSIS = YES;
				CLANG_WARN_STRICT_PROTOTYPES = YES;
				CLANG_WARN_SUSPICIOUS_MOVE = YES;
				CLANG_WARN_UNGUARDED_AVAILABILITY = YES_AGGRESSIVE;
				CLANG_WARN_UNREACHABLE_CODE = YES;
				CLANG_WARN__DUPLICATE_METHOD_MATCH = YES;
				COPY_PHASE_STRIP = NO;
				DEBUG_INFORMATION_FORMAT = "dwarf-with-dsym";
				ENABLE_NS_ASSERTIONS = NO;
				ENABLE_STRICT_OBJC_MSGSEND = YES;
				GCC_C_LANGUAGE_STANDARD = gnu11;
				GCC_NO_COMMON_BLOCKS = YES;
				GCC_WARN_64_TO_32_BIT_CONVERSION = YES;
				GCC_WARN_ABOUT_RETURN_TYPE = YES_ERROR;
				GCC_WARN_UNDECLARED_SELECTOR = YES;
				GCC_WARN_UNINITIALIZED_AUTOS = YES_AGGRESSIVE;
				GCC_WARN_UNUSED_FUNCTION = YES;
				GCC_WARN_UNUSED_VARIABLE = YES;
				IPHONEOS_DEPLOYMENT_TARGET = 12.0;
				MTL_ENABLE_DEBUG_INFO = NO;
				MTL_FAST_MATH = YES;
				SDKROOT = iphoneos;
				SWIFT_COMPILATION_MODE = wholemodule;
				SWIFT_OPTIMIZATION_LEVEL = "-O";
				VALIDATE_PRODUCT = YES;
			};
			name = Release;
		};
		199851F125A82618001C6644 /* Debug */ = {
			isa = XCBuildConfiguration;
			buildSettings = {
				ASSETCATALOG_COMPILER_APPICON_NAME = AppIcon;
				ASSETCATALOG_COMPILER_GLOBAL_ACCENT_COLOR_NAME = AccentColor;
				CODE_SIGN_STYLE = Automatic;
				DEVELOPMENT_TEAM = ZHJNN58H4K;
				INFOPLIST_FILE = UnsplashApp/Info.plist;
				LD_RUNPATH_SEARCH_PATHS = (
					"$(inherited)",
					"@executable_path/Frameworks",
				);
				PRODUCT_BUNDLE_IDENTIFIER = com.eunjeong.UnsplashApp;
				PRODUCT_NAME = "$(TARGET_NAME)";
				SWIFT_VERSION = 5.0;
				TARGETED_DEVICE_FAMILY = "1,2";
			};
			name = Debug;
		};
		199851F225A82618001C6644 /* Release */ = {
			isa = XCBuildConfiguration;
			buildSettings = {
				ASSETCATALOG_COMPILER_APPICON_NAME = AppIcon;
				ASSETCATALOG_COMPILER_GLOBAL_ACCENT_COLOR_NAME = AccentColor;
				CODE_SIGN_STYLE = Automatic;
				DEVELOPMENT_TEAM = ZHJNN58H4K;
				INFOPLIST_FILE = UnsplashApp/Info.plist;
				LD_RUNPATH_SEARCH_PATHS = (
					"$(inherited)",
					"@executable_path/Frameworks",
				);
				PRODUCT_BUNDLE_IDENTIFIER = com.eunjeong.UnsplashApp;
				PRODUCT_NAME = "$(TARGET_NAME)";
				SWIFT_VERSION = 5.0;
				TARGETED_DEVICE_FAMILY = "1,2";
			};
			name = Release;
		};
		199851F425A82618001C6644 /* Debug */ = {
			isa = XCBuildConfiguration;
			buildSettings = {
				ALWAYS_EMBED_SWIFT_STANDARD_LIBRARIES = YES;
				BUNDLE_LOADER = "$(TEST_HOST)";
				CODE_SIGN_STYLE = Automatic;
				DEVELOPMENT_TEAM = ZHJNN58H4K;
				INFOPLIST_FILE = UnsplashAppTests/Info.plist;
				IPHONEOS_DEPLOYMENT_TARGET = 14.3;
				LD_RUNPATH_SEARCH_PATHS = (
					"$(inherited)",
					"@executable_path/Frameworks",
					"@loader_path/Frameworks",
				);
				PRODUCT_BUNDLE_IDENTIFIER = com.eunjeong.UnsplashAppTests;
				PRODUCT_NAME = "$(TARGET_NAME)";
				SWIFT_VERSION = 5.0;
				TARGETED_DEVICE_FAMILY = "1,2";
				TEST_HOST = "$(BUILT_PRODUCTS_DIR)/UnsplashApp.app/UnsplashApp";
			};
			name = Debug;
		};
		199851F525A82618001C6644 /* Release */ = {
			isa = XCBuildConfiguration;
			buildSettings = {
				ALWAYS_EMBED_SWIFT_STANDARD_LIBRARIES = YES;
				BUNDLE_LOADER = "$(TEST_HOST)";
				CODE_SIGN_STYLE = Automatic;
				DEVELOPMENT_TEAM = ZHJNN58H4K;
				INFOPLIST_FILE = UnsplashAppTests/Info.plist;
				IPHONEOS_DEPLOYMENT_TARGET = 14.3;
				LD_RUNPATH_SEARCH_PATHS = (
					"$(inherited)",
					"@executable_path/Frameworks",
					"@loader_path/Frameworks",
				);
				PRODUCT_BUNDLE_IDENTIFIER = com.eunjeong.UnsplashAppTests;
				PRODUCT_NAME = "$(TARGET_NAME)";
				SWIFT_VERSION = 5.0;
				TARGETED_DEVICE_FAMILY = "1,2";
				TEST_HOST = "$(BUILT_PRODUCTS_DIR)/UnsplashApp.app/UnsplashApp";
			};
			name = Release;
		};
		199851F725A82618001C6644 /* Debug */ = {
			isa = XCBuildConfiguration;
			buildSettings = {
				ALWAYS_EMBED_SWIFT_STANDARD_LIBRARIES = YES;
				CODE_SIGN_STYLE = Automatic;
				DEVELOPMENT_TEAM = ZHJNN58H4K;
				INFOPLIST_FILE = UnsplashAppUITests/Info.plist;
				LD_RUNPATH_SEARCH_PATHS = (
					"$(inherited)",
					"@executable_path/Frameworks",
					"@loader_path/Frameworks",
				);
				PRODUCT_BUNDLE_IDENTIFIER = com.eunjeong.UnsplashAppUITests;
				PRODUCT_NAME = "$(TARGET_NAME)";
				SWIFT_VERSION = 5.0;
				TARGETED_DEVICE_FAMILY = "1,2";
				TEST_TARGET_NAME = UnsplashApp;
			};
			name = Debug;
		};
		199851F825A82618001C6644 /* Release */ = {
			isa = XCBuildConfiguration;
			buildSettings = {
				ALWAYS_EMBED_SWIFT_STANDARD_LIBRARIES = YES;
				CODE_SIGN_STYLE = Automatic;
				DEVELOPMENT_TEAM = ZHJNN58H4K;
				INFOPLIST_FILE = UnsplashAppUITests/Info.plist;
				LD_RUNPATH_SEARCH_PATHS = (
					"$(inherited)",
					"@executable_path/Frameworks",
					"@loader_path/Frameworks",
				);
				PRODUCT_BUNDLE_IDENTIFIER = com.eunjeong.UnsplashAppUITests;
				PRODUCT_NAME = "$(TARGET_NAME)";
				SWIFT_VERSION = 5.0;
				TARGETED_DEVICE_FAMILY = "1,2";
				TEST_TARGET_NAME = UnsplashApp;
			};
			name = Release;
		};
/* End XCBuildConfiguration section */

/* Begin XCConfigurationList section */
		199851C125A82615001C6644 /* Build configuration list for PBXProject "UnsplashApp" */ = {
			isa = XCConfigurationList;
			buildConfigurations = (
				199851EE25A82618001C6644 /* Debug */,
				199851EF25A82618001C6644 /* Release */,
			);
			defaultConfigurationIsVisible = 0;
			defaultConfigurationName = Release;
		};
		199851F025A82618001C6644 /* Build configuration list for PBXNativeTarget "UnsplashApp" */ = {
			isa = XCConfigurationList;
			buildConfigurations = (
				199851F125A82618001C6644 /* Debug */,
				199851F225A82618001C6644 /* Release */,
			);
			defaultConfigurationIsVisible = 0;
			defaultConfigurationName = Release;
		};
		199851F325A82618001C6644 /* Build configuration list for PBXNativeTarget "UnsplashAppTests" */ = {
			isa = XCConfigurationList;
			buildConfigurations = (
				199851F425A82618001C6644 /* Debug */,
				199851F525A82618001C6644 /* Release */,
			);
			defaultConfigurationIsVisible = 0;
			defaultConfigurationName = Release;
		};
		199851F625A82618001C6644 /* Build configuration list for PBXNativeTarget "UnsplashAppUITests" */ = {
			isa = XCConfigurationList;
			buildConfigurations = (
				199851F725A82618001C6644 /* Debug */,
				199851F825A82618001C6644 /* Release */,
			);
			defaultConfigurationIsVisible = 0;
			defaultConfigurationName = Release;
		};
/* End XCConfigurationList section */
	};
	rootObject = 199851BE25A82615001C6644 /* Project object */;
}
